// !$*UTF8*$!
{
	archiveVersion = 1;
	classes = {
	};
	objectVersion = 48;
	objects = {

/* Begin PBXBuildFile section */
		4E1C9B7C20620BD400720EF4 /* LogGroup.m in Sources */ = {isa = PBXBuildFile; fileRef = 4E1C9B6D20620BD400720EF4 /* LogGroup.m */; };
		4E1C9B7D20620BD400720EF4 /* Log.m in Sources */ = {isa = PBXBuildFile; fileRef = 4E1C9B6E20620BD400720EF4 /* Log.m */; };
		4E1C9B7E20620BD400720EF4 /* NSData+MD5Digest.m in Sources */ = {isa = PBXBuildFile; fileRef = 4E1C9B6F20620BD400720EF4 /* NSData+MD5Digest.m */; };
		4E1C9B7F20620BD400720EF4 /* LogClient.m in Sources */ = {isa = PBXBuildFile; fileRef = 4E1C9B7120620BD400720EF4 /* LogClient.m */; };
		4E1C9B8020620BD400720EF4 /* NSString+Crypto.m in Sources */ = {isa = PBXBuildFile; fileRef = 4E1C9B7220620BD400720EF4 /* NSString+Crypto.m */; };
		4E1C9B8120620BD400720EF4 /* NSData+GZIP.m in Sources */ = {isa = PBXBuildFile; fileRef = 4E1C9B7720620BD400720EF4 /* NSData+GZIP.m */; };
		4E487CB8205A5FDA00335201 /* AppDelegate.m in Sources */ = {isa = PBXBuildFile; fileRef = 4E487CB7205A5FDA00335201 /* AppDelegate.m */; };
		4E487CBB205A5FDA00335201 /* ViewController.m in Sources */ = {isa = PBXBuildFile; fileRef = 4E487CBA205A5FDA00335201 /* ViewController.m */; };
		4E487CC0205A5FDA00335201 /* Assets.xcassets in Resources */ = {isa = PBXBuildFile; fileRef = 4E487CBF205A5FDA00335201 /* Assets.xcassets */; };
		4E487CC6205A5FDA00335201 /* main.m in Sources */ = {isa = PBXBuildFile; fileRef = 4E487CC5205A5FDA00335201 /* main.m */; };
		4E487CD0205A5FDA00335201 /* BBLogTests.m in Sources */ = {isa = PBXBuildFile; fileRef = 4E487CCF205A5FDA00335201 /* BBLogTests.m */; };
		4E487CDB205A5FDA00335201 /* BBLogUITests.m in Sources */ = {isa = PBXBuildFile; fileRef = 4E487CDA205A5FDA00335201 /* BBLogUITests.m */; };
		4E487D13205A605500335201 /* BBActivityModel.m in Sources */ = {isa = PBXBuildFile; fileRef = 4E487CEE205A605500335201 /* BBActivityModel.m */; };
		4E487D14205A605500335201 /* BBClientModel.m in Sources */ = {isa = PBXBuildFile; fileRef = 4E487CF3205A605500335201 /* BBClientModel.m */; };
		4E487D15205A605500335201 /* BBErrorModel.m in Sources */ = {isa = PBXBuildFile; fileRef = 4E487CF4205A605500335201 /* BBErrorModel.m */; };
		4E487D16205A605500335201 /* BBReturnModel.m in Sources */ = {isa = PBXBuildFile; fileRef = 4E487CF5205A605500335201 /* BBReturnModel.m */; };
		4E487D17205A605500335201 /* BBGlobalModel.m in Sources */ = {isa = PBXBuildFile; fileRef = 4E487CF7205A605500335201 /* BBGlobalModel.m */; };
		4E487D18205A605500335201 /* BBEventModel.m in Sources */ = {isa = PBXBuildFile; fileRef = 4E487CF8205A605500335201 /* BBEventModel.m */; };
		4E487D19205A605500335201 /* BBTagModel.m in Sources */ = {isa = PBXBuildFile; fileRef = 4E487CF9205A605500335201 /* BBTagModel.m */; };
		4E487D1A205A605500335201 /* BBLogAgent.m in Sources */ = {isa = PBXBuildFile; fileRef = 4E487CFA205A605500335201 /* BBLogAgent.m */; };
		4E487D1B205A605500335201 /* LGZIP.m in Sources */ = {isa = PBXBuildFile; fileRef = 4E487CFE205A605500335201 /* LGZIP.m */; };
		4E487D1C205A605500335201 /* NetWorkTools.m in Sources */ = {isa = PBXBuildFile; fileRef = 4E487CFF205A605500335201 /* NetWorkTools.m */; };
		4E487D1D205A605500335201 /* BBLogKeychain.m in Sources */ = {isa = PBXBuildFile; fileRef = 4E487D01205A605500335201 /* BBLogKeychain.m */; };
		4E487D1E205A605500335201 /* BBLogKeychainQuery.m in Sources */ = {isa = PBXBuildFile; fileRef = 4E487D03205A605500335201 /* BBLogKeychainQuery.m */; };
		4E487D1F205A605500335201 /* CJSONDeserializer.m in Sources */ = {isa = PBXBuildFile; fileRef = 4E487D0C205A605500335201 /* CJSONDeserializer.m */; };
		4E487D20205A605500335201 /* NSDictionary_JSONExtensions.m in Sources */ = {isa = PBXBuildFile; fileRef = 4E487D0D205A605500335201 /* NSDictionary_JSONExtensions.m */; };
		4E487D21205A605500335201 /* CJSONSerializer.m in Sources */ = {isa = PBXBuildFile; fileRef = 4E487D12205A605500335201 /* CJSONSerializer.m */; };
		4E4B16E6205FB333002466BE /* BBAppPageModel.m in Sources */ = {isa = PBXBuildFile; fileRef = 4E4B16E5205FB333002466BE /* BBAppPageModel.m */; };
		4E4B16E920609E7C002466BE /* SecondViewController.m in Sources */ = {isa = PBXBuildFile; fileRef = 4E4B16E820609E7C002466BE /* SecondViewController.m */; };
		4E4B16EC2060EE7F002466BE /* BBConfigModel.m in Sources */ = {isa = PBXBuildFile; fileRef = 4E4B16EB2060EE7F002466BE /* BBConfigModel.m */; };
		CFF98A165C98DA097C0FBBC0 /* libPods-BBLog.a in Frameworks */ = {isa = PBXBuildFile; fileRef = EB5CE01051A68DCCC8175A00 /* libPods-BBLog.a */; };
/* End PBXBuildFile section */

/* Begin PBXContainerItemProxy section */
		4E487CCC205A5FDA00335201 /* PBXContainerItemProxy */ = {
			isa = PBXContainerItemProxy;
			containerPortal = 4E487CAB205A5FDA00335201 /* Project object */;
			proxyType = 1;
			remoteGlobalIDString = 4E487CB2205A5FDA00335201;
			remoteInfo = BBLog;
		};
		4E487CD7205A5FDA00335201 /* PBXContainerItemProxy */ = {
			isa = PBXContainerItemProxy;
			containerPortal = 4E487CAB205A5FDA00335201 /* Project object */;
			proxyType = 1;
			remoteGlobalIDString = 4E487CB2205A5FDA00335201;
			remoteInfo = BBLog;
		};
/* End PBXContainerItemProxy section */

/* Begin PBXFileReference section */
		4533FAA6714791FEA88209AB /* Pods-BBLog.release.xcconfig */ = {isa = PBXFileReference; includeInIndex = 1; lastKnownFileType = text.xcconfig; name = "Pods-BBLog.release.xcconfig"; path = "Pods/Target Support Files/Pods-BBLog/Pods-BBLog.release.xcconfig"; sourceTree = "<group>"; };
		4E1C9B6D20620BD400720EF4 /* LogGroup.m */ = {isa = PBXFileReference; fileEncoding = 4; lastKnownFileType = sourcecode.c.objc; path = LogGroup.m; sourceTree = "<group>"; };
		4E1C9B6E20620BD400720EF4 /* Log.m */ = {isa = PBXFileReference; fileEncoding = 4; lastKnownFileType = sourcecode.c.objc; path = Log.m; sourceTree = "<group>"; };
		4E1C9B6F20620BD400720EF4 /* NSData+MD5Digest.m */ = {isa = PBXFileReference; fileEncoding = 4; lastKnownFileType = sourcecode.c.objc; path = "NSData+MD5Digest.m"; sourceTree = "<group>"; };
		4E1C9B7020620BD400720EF4 /* NSData+GZIP.h */ = {isa = PBXFileReference; fileEncoding = 4; lastKnownFileType = sourcecode.c.h; path = "NSData+GZIP.h"; sourceTree = "<group>"; };
		4E1C9B7120620BD400720EF4 /* LogClient.m */ = {isa = PBXFileReference; fileEncoding = 4; lastKnownFileType = sourcecode.c.objc; path = LogClient.m; sourceTree = "<group>"; };
		4E1C9B7220620BD400720EF4 /* NSString+Crypto.m */ = {isa = PBXFileReference; fileEncoding = 4; lastKnownFileType = sourcecode.c.objc; path = "NSString+Crypto.m"; sourceTree = "<group>"; };
		4E1C9B7320620BD400720EF4 /* AliyunLogObjc.h */ = {isa = PBXFileReference; fileEncoding = 4; lastKnownFileType = sourcecode.c.h; path = AliyunLogObjc.h; sourceTree = "<group>"; };
		4E1C9B7420620BD400720EF4 /* NSData+MD5Digest.h */ = {isa = PBXFileReference; fileEncoding = 4; lastKnownFileType = sourcecode.c.h; path = "NSData+MD5Digest.h"; sourceTree = "<group>"; };
		4E1C9B7520620BD400720EF4 /* Log.h */ = {isa = PBXFileReference; fileEncoding = 4; lastKnownFileType = sourcecode.c.h; path = Log.h; sourceTree = "<group>"; };
		4E1C9B7620620BD400720EF4 /* LogGroup.h */ = {isa = PBXFileReference; fileEncoding = 4; lastKnownFileType = sourcecode.c.h; path = LogGroup.h; sourceTree = "<group>"; };
		4E1C9B7720620BD400720EF4 /* NSData+GZIP.m */ = {isa = PBXFileReference; fileEncoding = 4; lastKnownFileType = sourcecode.c.objc; path = "NSData+GZIP.m"; sourceTree = "<group>"; };
		4E1C9B7920620BD400720EF4 /* LogClient.h */ = {isa = PBXFileReference; fileEncoding = 4; lastKnownFileType = sourcecode.c.h; path = LogClient.h; sourceTree = "<group>"; };
		4E1C9B7A20620BD400720EF4 /* NSString+Crypto.h */ = {isa = PBXFileReference; fileEncoding = 4; lastKnownFileType = sourcecode.c.h; path = "NSString+Crypto.h"; sourceTree = "<group>"; };
		4E1C9B7B20620BD400720EF4 /* Const.h */ = {isa = PBXFileReference; fileEncoding = 4; lastKnownFileType = sourcecode.c.h; path = Const.h; sourceTree = "<group>"; };
		4E487CB3205A5FDA00335201 /* BBLog.app */ = {isa = PBXFileReference; explicitFileType = wrapper.application; includeInIndex = 0; path = BBLog.app; sourceTree = BUILT_PRODUCTS_DIR; };
		4E487CB6205A5FDA00335201 /* AppDelegate.h */ = {isa = PBXFileReference; lastKnownFileType = sourcecode.c.h; path = AppDelegate.h; sourceTree = "<group>"; };
		4E487CB7205A5FDA00335201 /* AppDelegate.m */ = {isa = PBXFileReference; lastKnownFileType = sourcecode.c.objc; path = AppDelegate.m; sourceTree = "<group>"; };
		4E487CB9205A5FDA00335201 /* ViewController.h */ = {isa = PBXFileReference; lastKnownFileType = sourcecode.c.h; path = ViewController.h; sourceTree = "<group>"; };
		4E487CBA205A5FDA00335201 /* ViewController.m */ = {isa = PBXFileReference; lastKnownFileType = sourcecode.c.objc; path = ViewController.m; sourceTree = "<group>"; };
		4E487CBF205A5FDA00335201 /* Assets.xcassets */ = {isa = PBXFileReference; lastKnownFileType = folder.assetcatalog; path = Assets.xcassets; sourceTree = "<group>"; };
		4E487CC4205A5FDA00335201 /* Info.plist */ = {isa = PBXFileReference; lastKnownFileType = text.plist.xml; path = Info.plist; sourceTree = "<group>"; };
		4E487CC5205A5FDA00335201 /* main.m */ = {isa = PBXFileReference; lastKnownFileType = sourcecode.c.objc; path = main.m; sourceTree = "<group>"; };
		4E487CCB205A5FDA00335201 /* BBLogTests.xctest */ = {isa = PBXFileReference; explicitFileType = wrapper.cfbundle; includeInIndex = 0; path = BBLogTests.xctest; sourceTree = BUILT_PRODUCTS_DIR; };
		4E487CCF205A5FDA00335201 /* BBLogTests.m */ = {isa = PBXFileReference; lastKnownFileType = sourcecode.c.objc; path = BBLogTests.m; sourceTree = "<group>"; };
		4E487CD1205A5FDA00335201 /* Info.plist */ = {isa = PBXFileReference; lastKnownFileType = text.plist.xml; path = Info.plist; sourceTree = "<group>"; };
		4E487CD6205A5FDA00335201 /* BBLogUITests.xctest */ = {isa = PBXFileReference; explicitFileType = wrapper.cfbundle; includeInIndex = 0; path = BBLogUITests.xctest; sourceTree = BUILT_PRODUCTS_DIR; };
		4E487CDA205A5FDA00335201 /* BBLogUITests.m */ = {isa = PBXFileReference; lastKnownFileType = sourcecode.c.objc; path = BBLogUITests.m; sourceTree = "<group>"; };
		4E487CDC205A5FDA00335201 /* Info.plist */ = {isa = PBXFileReference; lastKnownFileType = text.plist.xml; path = Info.plist; sourceTree = "<group>"; };
		4E487CEA205A605500335201 /* BBLogAgent.h */ = {isa = PBXFileReference; fileEncoding = 4; lastKnownFileType = sourcecode.c.h; path = BBLogAgent.h; sourceTree = "<group>"; };
		4E487CEC205A605500335201 /* BBClientModel.h */ = {isa = PBXFileReference; fileEncoding = 4; lastKnownFileType = sourcecode.c.h; path = BBClientModel.h; sourceTree = "<group>"; };
		4E487CED205A605500335201 /* BBErrorModel.h */ = {isa = PBXFileReference; fileEncoding = 4; lastKnownFileType = sourcecode.c.h; path = BBErrorModel.h; sourceTree = "<group>"; };
		4E487CEE205A605500335201 /* BBActivityModel.m */ = {isa = PBXFileReference; fileEncoding = 4; lastKnownFileType = sourcecode.c.objc; path = BBActivityModel.m; sourceTree = "<group>"; };
		4E487CEF205A605500335201 /* BBReturnModel.h */ = {isa = PBXFileReference; fileEncoding = 4; lastKnownFileType = sourcecode.c.h; path = BBReturnModel.h; sourceTree = "<group>"; };
		4E487CF0205A605500335201 /* BBTagModel.h */ = {isa = PBXFileReference; fileEncoding = 4; lastKnownFileType = sourcecode.c.h; path = BBTagModel.h; sourceTree = "<group>"; };
		4E487CF1205A605500335201 /* BBEventModel.h */ = {isa = PBXFileReference; fileEncoding = 4; lastKnownFileType = sourcecode.c.h; path = BBEventModel.h; sourceTree = "<group>"; };
		4E487CF2205A605500335201 /* BBGlobalModel.h */ = {isa = PBXFileReference; fileEncoding = 4; lastKnownFileType = sourcecode.c.h; path = BBGlobalModel.h; sourceTree = "<group>"; };
		4E487CF3205A605500335201 /* BBClientModel.m */ = {isa = PBXFileReference; fileEncoding = 4; lastKnownFileType = sourcecode.c.objc; path = BBClientModel.m; sourceTree = "<group>"; };
		4E487CF4205A605500335201 /* BBErrorModel.m */ = {isa = PBXFileReference; fileEncoding = 4; lastKnownFileType = sourcecode.c.objc; path = BBErrorModel.m; sourceTree = "<group>"; };
		4E487CF5205A605500335201 /* BBReturnModel.m */ = {isa = PBXFileReference; fileEncoding = 4; lastKnownFileType = sourcecode.c.objc; path = BBReturnModel.m; sourceTree = "<group>"; };
		4E487CF6205A605500335201 /* BBActivityModel.h */ = {isa = PBXFileReference; fileEncoding = 4; lastKnownFileType = sourcecode.c.h; path = BBActivityModel.h; sourceTree = "<group>"; };
		4E487CF7205A605500335201 /* BBGlobalModel.m */ = {isa = PBXFileReference; fileEncoding = 4; lastKnownFileType = sourcecode.c.objc; path = BBGlobalModel.m; sourceTree = "<group>"; };
		4E487CF8205A605500335201 /* BBEventModel.m */ = {isa = PBXFileReference; fileEncoding = 4; lastKnownFileType = sourcecode.c.objc; path = BBEventModel.m; sourceTree = "<group>"; };
		4E487CF9205A605500335201 /* BBTagModel.m */ = {isa = PBXFileReference; fileEncoding = 4; lastKnownFileType = sourcecode.c.objc; path = BBTagModel.m; sourceTree = "<group>"; };
		4E487CFA205A605500335201 /* BBLogAgent.m */ = {isa = PBXFileReference; fileEncoding = 4; lastKnownFileType = sourcecode.c.objc; path = BBLogAgent.m; sourceTree = "<group>"; };
		4E487CFC205A605500335201 /* NetWorkTools.h */ = {isa = PBXFileReference; fileEncoding = 4; lastKnownFileType = sourcecode.c.h; path = NetWorkTools.h; sourceTree = "<group>"; };
		4E487CFD205A605500335201 /* LGZIP.h */ = {isa = PBXFileReference; fileEncoding = 4; lastKnownFileType = sourcecode.c.h; path = LGZIP.h; sourceTree = "<group>"; };
		4E487CFE205A605500335201 /* LGZIP.m */ = {isa = PBXFileReference; fileEncoding = 4; lastKnownFileType = sourcecode.c.objc; path = LGZIP.m; sourceTree = "<group>"; };
		4E487CFF205A605500335201 /* NetWorkTools.m */ = {isa = PBXFileReference; fileEncoding = 4; lastKnownFileType = sourcecode.c.objc; path = NetWorkTools.m; sourceTree = "<group>"; };
		4E487D01205A605500335201 /* BBLogKeychain.m */ = {isa = PBXFileReference; fileEncoding = 4; lastKnownFileType = sourcecode.c.objc; path = BBLogKeychain.m; sourceTree = "<group>"; };
		4E487D02205A605500335201 /* BBLogKeychainQuery.h */ = {isa = PBXFileReference; fileEncoding = 4; lastKnownFileType = sourcecode.c.h; path = BBLogKeychainQuery.h; sourceTree = "<group>"; };
		4E487D03205A605500335201 /* BBLogKeychainQuery.m */ = {isa = PBXFileReference; fileEncoding = 4; lastKnownFileType = sourcecode.c.objc; path = BBLogKeychainQuery.m; sourceTree = "<group>"; };
		4E487D04205A605500335201 /* BBLogKeychain.h */ = {isa = PBXFileReference; fileEncoding = 4; lastKnownFileType = sourcecode.c.h; path = BBLogKeychain.h; sourceTree = "<group>"; };
		4E487D0C205A605500335201 /* CJSONDeserializer.m */ = {isa = PBXFileReference; fileEncoding = 4; lastKnownFileType = sourcecode.c.objc; path = CJSONDeserializer.m; sourceTree = "<group>"; };
		4E487D0D205A605500335201 /* NSDictionary_JSONExtensions.m */ = {isa = PBXFileReference; fileEncoding = 4; lastKnownFileType = sourcecode.c.objc; path = NSDictionary_JSONExtensions.m; sourceTree = "<group>"; };
		4E487D0E205A605500335201 /* CJSONSerializer.h */ = {isa = PBXFileReference; fileEncoding = 4; lastKnownFileType = sourcecode.c.h; path = CJSONSerializer.h; sourceTree = "<group>"; };
		4E487D0F205A605500335201 /* JSONRepresentation.h */ = {isa = PBXFileReference; fileEncoding = 4; lastKnownFileType = sourcecode.c.h; path = JSONRepresentation.h; sourceTree = "<group>"; };
		4E487D10205A605500335201 /* NSDictionary_JSONExtensions.h */ = {isa = PBXFileReference; fileEncoding = 4; lastKnownFileType = sourcecode.c.h; path = NSDictionary_JSONExtensions.h; sourceTree = "<group>"; };
		4E487D11205A605500335201 /* CJSONDeserializer.h */ = {isa = PBXFileReference; fileEncoding = 4; lastKnownFileType = sourcecode.c.h; path = CJSONDeserializer.h; sourceTree = "<group>"; };
		4E487D12205A605500335201 /* CJSONSerializer.m */ = {isa = PBXFileReference; fileEncoding = 4; lastKnownFileType = sourcecode.c.objc; path = CJSONSerializer.m; sourceTree = "<group>"; };
		4E4B16E4205FB333002466BE /* BBAppPageModel.h */ = {isa = PBXFileReference; lastKnownFileType = sourcecode.c.h; path = BBAppPageModel.h; sourceTree = "<group>"; };
		4E4B16E5205FB333002466BE /* BBAppPageModel.m */ = {isa = PBXFileReference; lastKnownFileType = sourcecode.c.objc; path = BBAppPageModel.m; sourceTree = "<group>"; };
		4E4B16E720609E7C002466BE /* SecondViewController.h */ = {isa = PBXFileReference; lastKnownFileType = sourcecode.c.h; path = SecondViewController.h; sourceTree = "<group>"; };
		4E4B16E820609E7C002466BE /* SecondViewController.m */ = {isa = PBXFileReference; lastKnownFileType = sourcecode.c.objc; path = SecondViewController.m; sourceTree = "<group>"; };
		4E4B16EA2060EE7F002466BE /* BBConfigModel.h */ = {isa = PBXFileReference; lastKnownFileType = sourcecode.c.h; path = BBConfigModel.h; sourceTree = "<group>"; };
		4E4B16EB2060EE7F002466BE /* BBConfigModel.m */ = {isa = PBXFileReference; lastKnownFileType = sourcecode.c.objc; path = BBConfigModel.m; sourceTree = "<group>"; };
		D83ACF00025F9359BA529914 /* Pods-BBLog.debug.xcconfig */ = {isa = PBXFileReference; includeInIndex = 1; lastKnownFileType = text.xcconfig; name = "Pods-BBLog.debug.xcconfig"; path = "Pods/Target Support Files/Pods-BBLog/Pods-BBLog.debug.xcconfig"; sourceTree = "<group>"; };
		EB5CE01051A68DCCC8175A00 /* libPods-BBLog.a */ = {isa = PBXFileReference; explicitFileType = archive.ar; includeInIndex = 0; path = "libPods-BBLog.a"; sourceTree = BUILT_PRODUCTS_DIR; };
/* End PBXFileReference section */

/* Begin PBXFrameworksBuildPhase section */
		4E487CB0205A5FDA00335201 /* Frameworks */ = {
			isa = PBXFrameworksBuildPhase;
			buildActionMask = 2147483647;
			files = (
				CFF98A165C98DA097C0FBBC0 /* libPods-BBLog.a in Frameworks */,
			);
			runOnlyForDeploymentPostprocessing = 0;
		};
		4E487CC8205A5FDA00335201 /* Frameworks */ = {
			isa = PBXFrameworksBuildPhase;
			buildActionMask = 2147483647;
			files = (
			);
			runOnlyForDeploymentPostprocessing = 0;
		};
		4E487CD3205A5FDA00335201 /* Frameworks */ = {
			isa = PBXFrameworksBuildPhase;
			buildActionMask = 2147483647;
			files = (
			);
			runOnlyForDeploymentPostprocessing = 0;
		};
/* End PBXFrameworksBuildPhase section */

/* Begin PBXGroup section */
		3C4599E0F9CF1864489D9C3A /* Pods */ = {
			isa = PBXGroup;
			children = (
				D83ACF00025F9359BA529914 /* Pods-BBLog.debug.xcconfig */,
				4533FAA6714791FEA88209AB /* Pods-BBLog.release.xcconfig */,
			);
			name = Pods;
			sourceTree = "<group>";
		};
		3DC56171F470D0BEA7470693 /* Frameworks */ = {
			isa = PBXGroup;
			children = (
				EB5CE01051A68DCCC8175A00 /* libPods-BBLog.a */,
			);
			name = Frameworks;
			sourceTree = "<group>";
		};
		4E1C9B6C20620BD400720EF4 /* AliyunLogObjc */ = {
			isa = PBXGroup;
			children = (
				4E1C9B7620620BD400720EF4 /* LogGroup.h */,
				4E1C9B6D20620BD400720EF4 /* LogGroup.m */,
				4E1C9B7520620BD400720EF4 /* Log.h */,
				4E1C9B6E20620BD400720EF4 /* Log.m */,
				4E1C9B7420620BD400720EF4 /* NSData+MD5Digest.h */,
				4E1C9B6F20620BD400720EF4 /* NSData+MD5Digest.m */,
				4E1C9B7020620BD400720EF4 /* NSData+GZIP.h */,
				4E1C9B7720620BD400720EF4 /* NSData+GZIP.m */,
				4E1C9B7920620BD400720EF4 /* LogClient.h */,
				4E1C9B7120620BD400720EF4 /* LogClient.m */,
				4E1C9B7A20620BD400720EF4 /* NSString+Crypto.h */,
				4E1C9B7220620BD400720EF4 /* NSString+Crypto.m */,
				4E1C9B7320620BD400720EF4 /* AliyunLogObjc.h */,
				4E1C9B7B20620BD400720EF4 /* Const.h */,
			);
			path = AliyunLogObjc;
			sourceTree = "<group>";
		};
		4E487CAA205A5FDA00335201 = {
			isa = PBXGroup;
			children = (
				4E487CB5205A5FDA00335201 /* BBLog */,
				4E487CCE205A5FDA00335201 /* BBLogTests */,
				4E487CD9205A5FDA00335201 /* BBLogUITests */,
				4E487CB4205A5FDA00335201 /* Products */,
				3C4599E0F9CF1864489D9C3A /* Pods */,
				3DC56171F470D0BEA7470693 /* Frameworks */,
			);
			sourceTree = "<group>";
		};
		4E487CB4205A5FDA00335201 /* Products */ = {
			isa = PBXGroup;
			children = (
				4E487CB3205A5FDA00335201 /* BBLog.app */,
				4E487CCB205A5FDA00335201 /* BBLogTests.xctest */,
				4E487CD6205A5FDA00335201 /* BBLogUITests.xctest */,
			);
			name = Products;
			sourceTree = "<group>";
		};
		4E487CB5205A5FDA00335201 /* BBLog */ = {
			isa = PBXGroup;
			children = (
				4E487CE8205A605500335201 /* BBLog */,
				4E487CB6205A5FDA00335201 /* AppDelegate.h */,
				4E487CB7205A5FDA00335201 /* AppDelegate.m */,
				4E487CB9205A5FDA00335201 /* ViewController.h */,
				4E487CBA205A5FDA00335201 /* ViewController.m */,
				4E4B16E720609E7C002466BE /* SecondViewController.h */,
				4E4B16E820609E7C002466BE /* SecondViewController.m */,
				4E487CBF205A5FDA00335201 /* Assets.xcassets */,
				4E487CC4205A5FDA00335201 /* Info.plist */,
				4E487CC5205A5FDA00335201 /* main.m */,
			);
			path = BBLog;
			sourceTree = "<group>";
		};
		4E487CCE205A5FDA00335201 /* BBLogTests */ = {
			isa = PBXGroup;
			children = (
				4E487CCF205A5FDA00335201 /* BBLogTests.m */,
				4E487CD1205A5FDA00335201 /* Info.plist */,
			);
			path = BBLogTests;
			sourceTree = "<group>";
		};
		4E487CD9205A5FDA00335201 /* BBLogUITests */ = {
			isa = PBXGroup;
			children = (
				4E487CDA205A5FDA00335201 /* BBLogUITests.m */,
				4E487CDC205A5FDA00335201 /* Info.plist */,
			);
			path = BBLogUITests;
			sourceTree = "<group>";
		};
		4E487CE8205A605500335201 /* BBLog */ = {
			isa = PBXGroup;
			children = (
				4E487CE9205A605500335201 /* BBLog */,
				4E487CFB205A605500335201 /* Utility */,
			);
			path = BBLog;
			sourceTree = "<group>";
		};
		4E487CE9205A605500335201 /* BBLog */ = {
			isa = PBXGroup;
			children = (
				4E487CEA205A605500335201 /* BBLogAgent.h */,
				4E487CFA205A605500335201 /* BBLogAgent.m */,
				4E487CEB205A605500335201 /* Model */,
			);
			path = BBLog;
			sourceTree = "<group>";
		};
		4E487CEB205A605500335201 /* Model */ = {
			isa = PBXGroup;
			children = (
				4E487CEC205A605500335201 /* BBClientModel.h */,
				4E487CF3205A605500335201 /* BBClientModel.m */,
				4E487CED205A605500335201 /* BBErrorModel.h */,
				4E487CF4205A605500335201 /* BBErrorModel.m */,
				4E487CF6205A605500335201 /* BBActivityModel.h */,
				4E487CEE205A605500335201 /* BBActivityModel.m */,
				4E487CEF205A605500335201 /* BBReturnModel.h */,
				4E487CF5205A605500335201 /* BBReturnModel.m */,
				4E487CF0205A605500335201 /* BBTagModel.h */,
				4E487CF9205A605500335201 /* BBTagModel.m */,
				4E487CF1205A605500335201 /* BBEventModel.h */,
				4E487CF8205A605500335201 /* BBEventModel.m */,
				4E487CF2205A605500335201 /* BBGlobalModel.h */,
				4E487CF7205A605500335201 /* BBGlobalModel.m */,
				4E4B16E4205FB333002466BE /* BBAppPageModel.h */,
				4E4B16E5205FB333002466BE /* BBAppPageModel.m */,
				4E4B16EA2060EE7F002466BE /* BBConfigModel.h */,
				4E4B16EB2060EE7F002466BE /* BBConfigModel.m */,
			);
			path = Model;
			sourceTree = "<group>";
		};
		4E487CFB205A605500335201 /* Utility */ = {
			isa = PBXGroup;
			children = (
				4E1C9B6C20620BD400720EF4 /* AliyunLogObjc */,
				4E487CFC205A605500335201 /* NetWorkTools.h */,
				4E487CFF205A605500335201 /* NetWorkTools.m */,
				4E487CFD205A605500335201 /* LGZIP.h */,
				4E487CFE205A605500335201 /* LGZIP.m */,
				4E487D00205A605500335201 /* Keychain */,
				4E487D0B205A605500335201 /* touchjson */,
			);
			path = Utility;
			sourceTree = "<group>";
		};
		4E487D00205A605500335201 /* Keychain */ = {
			isa = PBXGroup;
			children = (
				4E487D04205A605500335201 /* BBLogKeychain.h */,
				4E487D01205A605500335201 /* BBLogKeychain.m */,
				4E487D02205A605500335201 /* BBLogKeychainQuery.h */,
				4E487D03205A605500335201 /* BBLogKeychainQuery.m */,
			);
			path = Keychain;
			sourceTree = "<group>";
		};
		4E487D0B205A605500335201 /* touchjson */ = {
			isa = PBXGroup;
			children = (
				4E487D11205A605500335201 /* CJSONDeserializer.h */,
				4E487D0C205A605500335201 /* CJSONDeserializer.m */,
				4E487D10205A605500335201 /* NSDictionary_JSONExtensions.h */,
				4E487D0D205A605500335201 /* NSDictionary_JSONExtensions.m */,
				4E487D0E205A605500335201 /* CJSONSerializer.h */,
				4E487D12205A605500335201 /* CJSONSerializer.m */,
				4E487D0F205A605500335201 /* JSONRepresentation.h */,
			);
			path = touchjson;
			sourceTree = "<group>";
		};
/* End PBXGroup section */

/* Begin PBXNativeTarget section */
		4E487CB2205A5FDA00335201 /* BBLog */ = {
			isa = PBXNativeTarget;
			buildConfigurationList = 4E487CDF205A5FDA00335201 /* Build configuration list for PBXNativeTarget "BBLog" */;
			buildPhases = (
				E4C660EDAA214F7C30943D67 /* [CP] Check Pods Manifest.lock */,
				4E487CAF205A5FDA00335201 /* Sources */,
				4E487CB0205A5FDA00335201 /* Frameworks */,
				4E487CB1205A5FDA00335201 /* Resources */,
				7B94FD475181166F58625A1A /* [CP] Embed Pods Frameworks */,
				DD11AE507CF050BB2742B873 /* [CP] Copy Pods Resources */,
			);
			buildRules = (
			);
			dependencies = (
			);
			name = BBLog;
			productName = BBLog;
			productReference = 4E487CB3205A5FDA00335201 /* BBLog.app */;
			productType = "com.apple.product-type.application";
		};
		4E487CCA205A5FDA00335201 /* BBLogTests */ = {
			isa = PBXNativeTarget;
			buildConfigurationList = 4E487CE2205A5FDA00335201 /* Build configuration list for PBXNativeTarget "BBLogTests" */;
			buildPhases = (
				4E487CC7205A5FDA00335201 /* Sources */,
				4E487CC8205A5FDA00335201 /* Frameworks */,
				4E487CC9205A5FDA00335201 /* Resources */,
			);
			buildRules = (
			);
			dependencies = (
				4E487CCD205A5FDA00335201 /* PBXTargetDependency */,
			);
			name = BBLogTests;
			productName = BBLogTests;
			productReference = 4E487CCB205A5FDA00335201 /* BBLogTests.xctest */;
			productType = "com.apple.product-type.bundle.unit-test";
		};
		4E487CD5205A5FDA00335201 /* BBLogUITests */ = {
			isa = PBXNativeTarget;
			buildConfigurationList = 4E487CE5205A5FDA00335201 /* Build configuration list for PBXNativeTarget "BBLogUITests" */;
			buildPhases = (
				4E487CD2205A5FDA00335201 /* Sources */,
				4E487CD3205A5FDA00335201 /* Frameworks */,
				4E487CD4205A5FDA00335201 /* Resources */,
			);
			buildRules = (
			);
			dependencies = (
				4E487CD8205A5FDA00335201 /* PBXTargetDependency */,
			);
			name = BBLogUITests;
			productName = BBLogUITests;
			productReference = 4E487CD6205A5FDA00335201 /* BBLogUITests.xctest */;
			productType = "com.apple.product-type.bundle.ui-testing";
		};
/* End PBXNativeTarget section */

/* Begin PBXProject section */
		4E487CAB205A5FDA00335201 /* Project object */ = {
			isa = PBXProject;
			attributes = {
				LastUpgradeCheck = 0920;
				ORGANIZATIONNAME = czy;
				TargetAttributes = {
					4E487CB2205A5FDA00335201 = {
						CreatedOnToolsVersion = 9.2;
						ProvisioningStyle = Automatic;
					};
					4E487CCA205A5FDA00335201 = {
						CreatedOnToolsVersion = 9.2;
						ProvisioningStyle = Automatic;
						TestTargetID = 4E487CB2205A5FDA00335201;
					};
					4E487CD5205A5FDA00335201 = {
						CreatedOnToolsVersion = 9.2;
						ProvisioningStyle = Automatic;
						TestTargetID = 4E487CB2205A5FDA00335201;
					};
				};
			};
			buildConfigurationList = 4E487CAE205A5FDA00335201 /* Build configuration list for PBXProject "BBLog" */;
			compatibilityVersion = "Xcode 8.0";
			developmentRegion = en;
			hasScannedForEncodings = 0;
			knownRegions = (
				en,
				Base,
			);
			mainGroup = 4E487CAA205A5FDA00335201;
			productRefGroup = 4E487CB4205A5FDA00335201 /* Products */;
			projectDirPath = "";
			projectRoot = "";
			targets = (
				4E487CB2205A5FDA00335201 /* BBLog */,
				4E487CCA205A5FDA00335201 /* BBLogTests */,
				4E487CD5205A5FDA00335201 /* BBLogUITests */,
			);
		};
/* End PBXProject section */

/* Begin PBXResourcesBuildPhase section */
		4E487CB1205A5FDA00335201 /* Resources */ = {
			isa = PBXResourcesBuildPhase;
			buildActionMask = 2147483647;
			files = (
				4E487CC0205A5FDA00335201 /* Assets.xcassets in Resources */,
			);
			runOnlyForDeploymentPostprocessing = 0;
		};
		4E487CC9205A5FDA00335201 /* Resources */ = {
			isa = PBXResourcesBuildPhase;
			buildActionMask = 2147483647;
			files = (
			);
			runOnlyForDeploymentPostprocessing = 0;
		};
		4E487CD4205A5FDA00335201 /* Resources */ = {
			isa = PBXResourcesBuildPhase;
			buildActionMask = 2147483647;
			files = (
			);
			runOnlyForDeploymentPostprocessing = 0;
		};
/* End PBXResourcesBuildPhase section */

/* Begin PBXShellScriptBuildPhase section */
		7B94FD475181166F58625A1A /* [CP] Embed Pods Frameworks */ = {
			isa = PBXShellScriptBuildPhase;
			buildActionMask = 2147483647;
			files = (
			);
			inputPaths = (
			);
			name = "[CP] Embed Pods Frameworks";
			outputPaths = (
			);
			runOnlyForDeploymentPostprocessing = 0;
			shellPath = /bin/sh;
			shellScript = "\"${SRCROOT}/Pods/Target Support Files/Pods-BBLog/Pods-BBLog-frameworks.sh\"\n";
			showEnvVarsInLog = 0;
		};
		DD11AE507CF050BB2742B873 /* [CP] Copy Pods Resources */ = {
			isa = PBXShellScriptBuildPhase;
			buildActionMask = 2147483647;
			files = (
			);
			inputPaths = (
			);
			name = "[CP] Copy Pods Resources";
			outputPaths = (
			);
			runOnlyForDeploymentPostprocessing = 0;
			shellPath = /bin/sh;
			shellScript = "\"${SRCROOT}/Pods/Target Support Files/Pods-BBLog/Pods-BBLog-resources.sh\"\n";
			showEnvVarsInLog = 0;
		};
		E4C660EDAA214F7C30943D67 /* [CP] Check Pods Manifest.lock */ = {
			isa = PBXShellScriptBuildPhase;
			buildActionMask = 2147483647;
			files = (
			);
			inputPaths = (
				"${PODS_PODFILE_DIR_PATH}/Podfile.lock",
				"${PODS_ROOT}/Manifest.lock",
			);
			name = "[CP] Check Pods Manifest.lock";
			outputPaths = (
				"$(DERIVED_FILE_DIR)/Pods-BBLog-checkManifestLockResult.txt",
			);
			runOnlyForDeploymentPostprocessing = 0;
			shellPath = /bin/sh;
			shellScript = "diff \"${PODS_PODFILE_DIR_PATH}/Podfile.lock\" \"${PODS_ROOT}/Manifest.lock\" > /dev/null\nif [ $? != 0 ] ; then\n    # print error to STDERR\n    echo \"error: The sandbox is not in sync with the Podfile.lock. Run 'pod install' or update your CocoaPods installation.\" >&2\n    exit 1\nfi\n# This output is used by Xcode 'outputs' to avoid re-running this script phase.\necho \"SUCCESS\" > \"${SCRIPT_OUTPUT_FILE_0}\"\n";
			showEnvVarsInLog = 0;
		};
/* End PBXShellScriptBuildPhase section */

/* Begin PBXSourcesBuildPhase section */
		4E487CAF205A5FDA00335201 /* Sources */ = {
			isa = PBXSourcesBuildPhase;
			buildActionMask = 2147483647;
			files = (
				4E4B16E6205FB333002466BE /* BBAppPageModel.m in Sources */,
				4E487D1B205A605500335201 /* LGZIP.m in Sources */,
				4E487D1A205A605500335201 /* BBLogAgent.m in Sources */,
				4E4B16E920609E7C002466BE /* SecondViewController.m in Sources */,
				4E487D15205A605500335201 /* BBErrorModel.m in Sources */,
				4E487D13205A605500335201 /* BBActivityModel.m in Sources */,
				4E1C9B7C20620BD400720EF4 /* LogGroup.m in Sources */,
				4E487D1D205A605500335201 /* BBLogKeychain.m in Sources */,
				4E487D17205A605500335201 /* BBGlobalModel.m in Sources */,
				4E1C9B7F20620BD400720EF4 /* LogClient.m in Sources */,
				4E487D14205A605500335201 /* BBClientModel.m in Sources */,
				4E487D1E205A605500335201 /* BBLogKeychainQuery.m in Sources */,
				4E487D16205A605500335201 /* BBReturnModel.m in Sources */,
				4E1C9B7E20620BD400720EF4 /* NSData+MD5Digest.m in Sources */,
				4E487D1C205A605500335201 /* NetWorkTools.m in Sources */,
				4E487D18205A605500335201 /* BBEventModel.m in Sources */,
				4E487CBB205A5FDA00335201 /* ViewController.m in Sources */,
				4E487CC6205A5FDA00335201 /* main.m in Sources */,
				4E487D19205A605500335201 /* BBTagModel.m in Sources */,
				4E1C9B8020620BD400720EF4 /* NSString+Crypto.m in Sources */,
				4E487D20205A605500335201 /* NSDictionary_JSONExtensions.m in Sources */,
				4E1C9B7D20620BD400720EF4 /* Log.m in Sources */,
				4E4B16EC2060EE7F002466BE /* BBConfigModel.m in Sources */,
				4E487D21205A605500335201 /* CJSONSerializer.m in Sources */,
				4E1C9B8120620BD400720EF4 /* NSData+GZIP.m in Sources */,
				4E487D1F205A605500335201 /* CJSONDeserializer.m in Sources */,
				4E487CB8205A5FDA00335201 /* AppDelegate.m in Sources */,
			);
			runOnlyForDeploymentPostprocessing = 0;
		};
		4E487CC7205A5FDA00335201 /* Sources */ = {
			isa = PBXSourcesBuildPhase;
			buildActionMask = 2147483647;
			files = (
				4E487CD0205A5FDA00335201 /* BBLogTests.m in Sources */,
			);
			runOnlyForDeploymentPostprocessing = 0;
		};
		4E487CD2205A5FDA00335201 /* Sources */ = {
			isa = PBXSourcesBuildPhase;
			buildActionMask = 2147483647;
			files = (
				4E487CDB205A5FDA00335201 /* BBLogUITests.m in Sources */,
			);
			runOnlyForDeploymentPostprocessing = 0;
		};
/* End PBXSourcesBuildPhase section */

/* Begin PBXTargetDependency section */
		4E487CCD205A5FDA00335201 /* PBXTargetDependency */ = {
			isa = PBXTargetDependency;
			target = 4E487CB2205A5FDA00335201 /* BBLog */;
			targetProxy = 4E487CCC205A5FDA00335201 /* PBXContainerItemProxy */;
		};
		4E487CD8205A5FDA00335201 /* PBXTargetDependency */ = {
			isa = PBXTargetDependency;
			target = 4E487CB2205A5FDA00335201 /* BBLog */;
			targetProxy = 4E487CD7205A5FDA00335201 /* PBXContainerItemProxy */;
		};
/* End PBXTargetDependency section */

/* Begin XCBuildConfiguration section */
		4E487CDD205A5FDA00335201 /* Debug */ = {
			isa = XCBuildConfiguration;
			buildSettings = {
				ALWAYS_EMBED_SWIFT_STANDARD_LIBRARIES = NO;
				ALWAYS_SEARCH_USER_PATHS = NO;
				CLANG_ANALYZER_NONNULL = YES;
				CLANG_ANALYZER_NUMBER_OBJECT_CONVERSION = YES_AGGRESSIVE;
				CLANG_CXX_LANGUAGE_STANDARD = "gnu++14";
				CLANG_CXX_LIBRARY = "libc++";
				CLANG_ENABLE_MODULES = YES;
				CLANG_ENABLE_OBJC_ARC = YES;
				CLANG_WARN_BLOCK_CAPTURE_AUTORELEASING = YES;
				CLANG_WARN_BOOL_CONVERSION = YES;
				CLANG_WARN_COMMA = YES;
				CLANG_WARN_CONSTANT_CONVERSION = YES;
				CLANG_WARN_DIRECT_OBJC_ISA_USAGE = YES_ERROR;
				CLANG_WARN_DOCUMENTATION_COMMENTS = YES;
				CLANG_WARN_EMPTY_BODY = YES;
				CLANG_WARN_ENUM_CONVERSION = YES;
				CLANG_WARN_INFINITE_RECURSION = YES;
				CLANG_WARN_INT_CONVERSION = YES;
				CLANG_WARN_NON_LITERAL_NULL_CONVERSION = YES;
				CLANG_WARN_OBJC_LITERAL_CONVERSION = YES;
				CLANG_WARN_OBJC_ROOT_CLASS = YES_ERROR;
				CLANG_WARN_RANGE_LOOP_ANALYSIS = YES;
				CLANG_WARN_STRICT_PROTOTYPES = YES;
				CLANG_WARN_SUSPICIOUS_MOVE = YES;
				CLANG_WARN_UNGUARDED_AVAILABILITY = YES_AGGRESSIVE;
				CLANG_WARN_UNREACHABLE_CODE = YES;
				CLANG_WARN__DUPLICATE_METHOD_MATCH = YES;
				CODE_SIGN_IDENTITY = "iPhone Developer";
				COPY_PHASE_STRIP = NO;
				DEBUG_INFORMATION_FORMAT = dwarf;
				ENABLE_STRICT_OBJC_MSGSEND = YES;
				ENABLE_TESTABILITY = YES;
				GCC_C_LANGUAGE_STANDARD = gnu11;
				GCC_DYNAMIC_NO_PIC = NO;
				GCC_NO_COMMON_BLOCKS = YES;
				GCC_OPTIMIZATION_LEVEL = 0;
				GCC_PREPROCESSOR_DEFINITIONS = (
					"DEBUG=1",
					"$(inherited)",
				);
				GCC_WARN_64_TO_32_BIT_CONVERSION = YES;
				GCC_WARN_ABOUT_RETURN_TYPE = YES_ERROR;
				GCC_WARN_UNDECLARED_SELECTOR = YES;
				GCC_WARN_UNINITIALIZED_AUTOS = YES_AGGRESSIVE;
				GCC_WARN_UNUSED_FUNCTION = YES;
				GCC_WARN_UNUSED_VARIABLE = YES;
				IPHONEOS_DEPLOYMENT_TARGET = 8.0;
				MTL_ENABLE_DEBUG_INFO = YES;
				ONLY_ACTIVE_ARCH = YES;
				SDKROOT = iphoneos;
				SWIFT_VERSION = 3.0;
			};
			name = Debug;
		};
		4E487CDE205A5FDA00335201 /* Release */ = {
			isa = XCBuildConfiguration;
			buildSettings = {
				ALWAYS_EMBED_SWIFT_STANDARD_LIBRARIES = NO;
				ALWAYS_SEARCH_USER_PATHS = NO;
				CLANG_ANALYZER_NONNULL = YES;
				CLANG_ANALYZER_NUMBER_OBJECT_CONVERSION = YES_AGGRESSIVE;
				CLANG_CXX_LANGUAGE_STANDARD = "gnu++14";
				CLANG_CXX_LIBRARY = "libc++";
				CLANG_ENABLE_MODULES = YES;
				CLANG_ENABLE_OBJC_ARC = YES;
				CLANG_WARN_BLOCK_CAPTURE_AUTORELEASING = YES;
				CLANG_WARN_BOOL_CONVERSION = YES;
				CLANG_WARN_COMMA = YES;
				CLANG_WARN_CONSTANT_CONVERSION = YES;
				CLANG_WARN_DIRECT_OBJC_ISA_USAGE = YES_ERROR;
				CLANG_WARN_DOCUMENTATION_COMMENTS = YES;
				CLANG_WARN_EMPTY_BODY = YES;
				CLANG_WARN_ENUM_CONVERSION = YES;
				CLANG_WARN_INFINITE_RECURSION = YES;
				CLANG_WARN_INT_CONVERSION = YES;
				CLANG_WARN_NON_LITERAL_NULL_CONVERSION = YES;
				CLANG_WARN_OBJC_LITERAL_CONVERSION = YES;
				CLANG_WARN_OBJC_ROOT_CLASS = YES_ERROR;
				CLANG_WARN_RANGE_LOOP_ANALYSIS = YES;
				CLANG_WARN_STRICT_PROTOTYPES = YES;
				CLANG_WARN_SUSPICIOUS_MOVE = YES;
				CLANG_WARN_UNGUARDED_AVAILABILITY = YES_AGGRESSIVE;
				CLANG_WARN_UNREACHABLE_CODE = YES;
				CLANG_WARN__DUPLICATE_METHOD_MATCH = YES;
				CODE_SIGN_IDENTITY = "iPhone Developer";
				COPY_PHASE_STRIP = NO;
				DEBUG_INFORMATION_FORMAT = "dwarf-with-dsym";
				ENABLE_NS_ASSERTIONS = NO;
				ENABLE_STRICT_OBJC_MSGSEND = YES;
				GCC_C_LANGUAGE_STANDARD = gnu11;
				GCC_NO_COMMON_BLOCKS = YES;
				GCC_WARN_64_TO_32_BIT_CONVERSION = YES;
				GCC_WARN_ABOUT_RETURN_TYPE = YES_ERROR;
				GCC_WARN_UNDECLARED_SELECTOR = YES;
				GCC_WARN_UNINITIALIZED_AUTOS = YES_AGGRESSIVE;
				GCC_WARN_UNUSED_FUNCTION = YES;
				GCC_WARN_UNUSED_VARIABLE = YES;
				IPHONEOS_DEPLOYMENT_TARGET = 8.0;
				MTL_ENABLE_DEBUG_INFO = NO;
				SDKROOT = iphoneos;
				SWIFT_VERSION = 3.0;
				VALIDATE_PRODUCT = YES;
			};
			name = Release;
		};
		4E487CE0205A5FDA00335201 /* Debug */ = {
			isa = XCBuildConfiguration;
			baseConfigurationReference = D83ACF00025F9359BA529914 /* Pods-BBLog.debug.xcconfig */;
			buildSettings = {
				ALWAYS_EMBED_SWIFT_STANDARD_LIBRARIES = NO;
				ASSETCATALOG_COMPILER_APPICON_NAME = AppIcon;
				ASSETCATALOG_COMPILER_LAUNCHIMAGE_NAME = "LaunchImage-3";
				CODE_SIGN_STYLE = Automatic;
				DEVELOPMENT_TEAM = SLVXK4FUC5;
				INFOPLIST_FILE = BBLog/Info.plist;
				IPHONEOS_DEPLOYMENT_TARGET = 8.0;
				LD_RUNPATH_SEARCH_PATHS = "$(inherited) @executable_path/Frameworks";
				PRODUCT_BUNDLE_IDENTIFIER = com.chezhiyi.BBLog;
				PRODUCT_NAME = "$(TARGET_NAME)";
				TARGETED_DEVICE_FAMILY = "1,2";
			};
			name = Debug;
		};
		4E487CE1205A5FDA00335201 /* Release */ = {
			isa = XCBuildConfiguration;
			baseConfigurationReference = 4533FAA6714791FEA88209AB /* Pods-BBLog.release.xcconfig */;
			buildSettings = {
				ALWAYS_EMBED_SWIFT_STANDARD_LIBRARIES = NO;
				ASSETCATALOG_COMPILER_APPICON_NAME = AppIcon;
				ASSETCATALOG_COMPILER_LAUNCHIMAGE_NAME = "LaunchImage-3";
				CODE_SIGN_STYLE = Automatic;
				DEVELOPMENT_TEAM = SLVXK4FUC5;
				INFOPLIST_FILE = BBLog/Info.plist;
				IPHONEOS_DEPLOYMENT_TARGET = 8.0;
				LD_RUNPATH_SEARCH_PATHS = "$(inherited) @executable_path/Frameworks";
				PRODUCT_BUNDLE_IDENTIFIER = com.chezhiyi.BBLog;
				PRODUCT_NAME = "$(TARGET_NAME)";
				TARGETED_DEVICE_FAMILY = "1,2";
			};
			name = Release;
		};
		4E487CE3205A5FDA00335201 /* Debug */ = {
			isa = XCBuildConfiguration;
			buildSettings = {
				BUNDLE_LOADER = "$(TEST_HOST)";
				CODE_SIGN_STYLE = Automatic;
				DEVELOPMENT_TEAM = SLVXK4FUC5;
				INFOPLIST_FILE = BBLogTests/Info.plist;
				LD_RUNPATH_SEARCH_PATHS = "$(inherited) @executable_path/Frameworks @loader_path/Frameworks";
				PRODUCT_BUNDLE_IDENTIFIER = com.chezhiyi.BBLogTests;
				PRODUCT_NAME = "$(TARGET_NAME)";
				TARGETED_DEVICE_FAMILY = "1,2";
				TEST_HOST = "$(BUILT_PRODUCTS_DIR)/BBLog.app/BBLog";
			};
			name = Debug;
		};
		4E487CE4205A5FDA00335201 /* Release */ = {
			isa = XCBuildConfiguration;
			buildSettings = {
				BUNDLE_LOADER = "$(TEST_HOST)";
				CODE_SIGN_STYLE = Automatic;
				DEVELOPMENT_TEAM = SLVXK4FUC5;
				INFOPLIST_FILE = BBLogTests/Info.plist;
				LD_RUNPATH_SEARCH_PATHS = "$(inherited) @executable_path/Frameworks @loader_path/Frameworks";
				PRODUCT_BUNDLE_IDENTIFIER = com.chezhiyi.BBLogTests;
				PRODUCT_NAME = "$(TARGET_NAME)";
				TARGETED_DEVICE_FAMILY = "1,2";
				TEST_HOST = "$(BUILT_PRODUCTS_DIR)/BBLog.app/BBLog";
			};
			name = Release;
		};
		4E487CE6205A5FDA00335201 /* Debug */ = {
			isa = XCBuildConfiguration;
			buildSettings = {
				CODE_SIGN_STYLE = Automatic;
				DEVELOPMENT_TEAM = SLVXK4FUC5;
				INFOPLIST_FILE = BBLogUITests/Info.plist;
				LD_RUNPATH_SEARCH_PATHS = "$(inherited) @executable_path/Frameworks @loader_path/Frameworks";
				PRODUCT_BUNDLE_IDENTIFIER = com.chezhiyi.BBLogUITests;
				PRODUCT_NAME = "$(TARGET_NAME)";
				TARGETED_DEVICE_FAMILY = "1,2";
				TEST_TARGET_NAME = BBLog;
			};
			name = Debug;
		};
		4E487CE7205A5FDA00335201 /* Release */ = {
			isa = XCBuildConfiguration;
			buildSettings = {
				CODE_SIGN_STYLE = Automatic;
				DEVELOPMENT_TEAM = SLVXK4FUC5;
				INFOPLIST_FILE = BBLogUITests/Info.plist;
				LD_RUNPATH_SEARCH_PATHS = "$(inherited) @executable_path/Frameworks @loader_path/Frameworks";
				PRODUCT_BUNDLE_IDENTIFIER = com.chezhiyi.BBLogUITests;
				PRODUCT_NAME = "$(TARGET_NAME)";
				TARGETED_DEVICE_FAMILY = "1,2";
				TEST_TARGET_NAME = BBLog;
			};
			name = Release;
		};
/* End XCBuildConfiguration section */

/* Begin XCConfigurationList section */
		4E487CAE205A5FDA00335201 /* Build configuration list for PBXProject "BBLog" */ = {
			isa = XCConfigurationList;
			buildConfigurations = (
				4E487CDD205A5FDA00335201 /* Debug */,
				4E487CDE205A5FDA00335201 /* Release */,
			);
			defaultConfigurationIsVisible = 0;
			defaultConfigurationName = Release;
		};
		4E487CDF205A5FDA00335201 /* Build configuration list for PBXNativeTarget "BBLog" */ = {
			isa = XCConfigurationList;
			buildConfigurations = (
				4E487CE0205A5FDA00335201 /* Debug */,
				4E487CE1205A5FDA00335201 /* Release */,
			);
			defaultConfigurationIsVisible = 0;
			defaultConfigurationName = Release;
		};
		4E487CE2205A5FDA00335201 /* Build configuration list for PBXNativeTarget "BBLogTests" */ = {
			isa = XCConfigurationList;
			buildConfigurations = (
				4E487CE3205A5FDA00335201 /* Debug */,
				4E487CE4205A5FDA00335201 /* Release */,
			);
			defaultConfigurationIsVisible = 0;
			defaultConfigurationName = Release;
		};
		4E487CE5205A5FDA00335201 /* Build configuration list for PBXNativeTarget "BBLogUITests" */ = {
			isa = XCConfigurationList;
			buildConfigurations = (
				4E487CE6205A5FDA00335201 /* Debug */,
				4E487CE7205A5FDA00335201 /* Release */,
			);
			defaultConfigurationIsVisible = 0;
			defaultConfigurationName = Release;
		};
/* End XCConfigurationList section */
	};
	rootObject = 4E487CAB205A5FDA00335201 /* Project object */;
}
